
Microsoft Visual Studio Solution File, Format Version 12.00
# Visual Studio 2013
VisualStudioVersion = 12.0.40629.0
MinimumVisualStudioVersion = 10.0.40219.1
Project("{8BC9CEB8-8B4A-11D0-8D11-00A0C91BC942}") = "DVOIPCPlaySDK", "DVOIPCPlaySDK\DVOIPCPlaySDK.vcxproj", "{CEA53F20-0470-4F00-B2DE-C049FCF04F80}"
EndProject
Project("{8BC9CEB8-8B4A-11D0-8D11-00A0C91BC942}") = "DvoIPCPlayDemo", "DvoIPCPlayDemo\DvoIPCPlayDemo.vcxproj", "{85756FC2-A070-4424-99F9-8FB43653C27D}"
	ProjectSection(ProjectDependencies) = postProject
		{CEA53F20-0470-4F00-B2DE-C049FCF04F80} = {CEA53F20-0470-4F00-B2DE-C049FCF04F80}
	EndProjectSection
EndProject
Global
	GlobalSection(SourceCodeControl) = preSolution
		
	EndGlobalSection
	GlobalSection(SolutionConfigurationPlatforms) = preSolution
		Debug|Win32 = Debug|Win32
		Release|Win32 = Release|Win32
		Template|Win32 = Template|Win32
	EndGlobalSection
	GlobalSection(ProjectConfigurationPlatforms) = postSolution
		{CEA53F20-0470-4F00-B2DE-C049FCF04F80}.Debug|Win32.ActiveCfg = Debug|Win32
		{CEA53F20-0470-4F00-B2DE-C049FCF04F80}.Debug|Win32.Build.0 = Debug|Win32
		{CEA53F20-0470-4F00-B2DE-C049FCF04F80}.Release|Win32.ActiveCfg = Release|Win32
		{CEA53F20-0470-4F00-B2DE-C049FCF04F80}.Release|Win32.Build.0 = Release|Win32
		{CEA53F20-0470-4F00-B2DE-C049FCF04F80}.Template|Win32.ActiveCfg = Release|Win32
		{CEA53F20-0470-4F00-B2DE-C049FCF04F80}.Template|Win32.Build.0 = Release|Win32
		{85756FC2-A070-4424-99F9-8FB43653C27D}.Debug|Win32.ActiveCfg = Debug|Win32
		{85756FC2-A070-4424-99F9-8FB43653C27D}.Debug|Win32.Build.0 = Debug|Win32
		{85756FC2-A070-4424-99F9-8FB43653C27D}.Release|Win32.ActiveCfg = Release|Win32
		{85756FC2-A070-4424-99F9-8FB43653C27D}.Release|Win32.Build.0 = Release|Win32
		{85756FC2-A070-4424-99F9-8FB43653C27D}.Template|Win32.ActiveCfg = Release|Win32
		{85756FC2-A070-4424-99F9-8FB43653C27D}.Template|Win32.Build.0 = Release|Win32
	EndGlobalSection
	GlobalSection(SolutionProperties) = preSolution
		HideSolutionNode = FALSE
	EndGlobalSection
EndGlobal
