<?xml version="1.0" encoding="utf-8"?>
<Project ToolsVersion="4.0" xmlns="http://schemas.microsoft.com/developer/msbuild/2003">
  <ItemGroup>
    <Filter Include="Source Files">
      <UniqueIdentifier>{4FC737F1-C7A5-4376-A066-2A32D752A2FF}</UniqueIdentifier>
      <Extensions>cpp;c;cc;cxx;def;odl;idl;hpj;bat;asm;asmx</Extensions>
    </Filter>
    <Filter Include="Header Files">
      <UniqueIdentifier>{93995380-89BD-4b04-88EB-625FBE52EBFB}</UniqueIdentifier>
      <Extensions>h;hh;hpp;hxx;hm;inl;inc;xsd</Extensions>
    </Filter>
    <Filter Include="Resource Files">
      <UniqueIdentifier>{67DA6AB6-F800-4c08-8B7A-83BB121AAD01}</UniqueIdentifier>
      <Extensions>rc;ico;cur;bmp;dlg;rc2;rct;bin;rgs;gif;jpg;jpeg;jpe;resx;tiff;tif;png;wav;mfcribbon-ms</Extensions>
    </Filter>
    <Filter Include="DxSurface">
      <UniqueIdentifier>{bda2e8b8-a5c8-4c7b-808a-182b30d5611a}</UniqueIdentifier>
    </Filter>
  </ItemGroup>
  <ItemGroup>
    <Text Include="ReadMe.txt" />
  </ItemGroup>
  <ItemGroup>
    <ClInclude Include="stdafx.h">
      <Filter>Header Files</Filter>
    </ClInclude>
    <ClInclude Include="targetver.h">
      <Filter>Header Files</Filter>
    </ClInclude>
    <ClInclude Include="Resource.h">
      <Filter>Header Files</Filter>
    </ClInclude>
    <ClInclude Include="TestDxSurfaceWin32.h">
      <Filter>Header Files</Filter>
    </ClInclude>
    <ClInclude Include="..\DVOIPCPlaySDK\DxSurface\DxSurface.h">
      <Filter>DxSurface</Filter>
    </ClInclude>
    <ClInclude Include="..\DVOIPCPlaySDK\DxSurface\DxTrace.h">
      <Filter>DxSurface</Filter>
    </ClInclude>
    <ClInclude Include="..\DVOIPCPlaySDK\DxSurface\gpu_memcpy_sse4.h">
      <Filter>DxSurface</Filter>
    </ClInclude>
    <ClInclude Include="..\DVOIPCPlaySDK\TimeUtility.h">
      <Filter>Header Files</Filter>
    </ClInclude>
    <ClInclude Include="..\DVOIPCPlaySDK\Runlog.h">
      <Filter>DxSurface</Filter>
    </ClInclude>
    <ClInclude Include="..\DVOIPCPlaySDK\Utility.h">
      <Filter>Header Files</Filter>
    </ClInclude>
  </ItemGroup>
  <ItemGroup>
    <ClCompile Include="stdafx.cpp">
      <Filter>Source Files</Filter>
    </ClCompile>
    <ClCompile Include="TestDxSurfaceWin32.cpp">
      <Filter>Source Files</Filter>
    </ClCompile>
    <ClCompile Include="..\DVOIPCPlaySDK\DxSurface\DxSurface.cpp">
      <Filter>DxSurface</Filter>
    </ClCompile>
    <ClCompile Include="..\DVOIPCPlaySDK\DxSurface\DxTrace.cpp">
      <Filter>DxSurface</Filter>
    </ClCompile>
    <ClCompile Include="..\DVOIPCPlaySDK\TimeUtility.cpp">
      <Filter>Header Files</Filter>
    </ClCompile>
    <ClCompile Include="..\DVOIPCPlaySDK\Runlog.cpp">
      <Filter>DxSurface</Filter>
    </ClCompile>
    <ClCompile Include="..\DVOIPCPlaySDK\Utility.cpp">
      <Filter>Source Files</Filter>
    </ClCompile>
  </ItemGroup>
  <ItemGroup>
    <ResourceCompile Include="TestDxSurfaceWin32.rc">
      <Filter>Resource Files</Filter>
    </ResourceCompile>
  </ItemGroup>
  <ItemGroup>
    <Image Include="small.ico">
      <Filter>Resource Files</Filter>
    </Image>
    <Image Include="TestDxSurfaceWin32.ico">
      <Filter>Resource Files</Filter>
    </Image>
  </ItemGroup>
</Project>